PODS:
  - Crashlytics (3.10.8):
    - Fabric (~> 1.7.12)
  - Fabric (1.7.12)

DEPENDENCIES:
  - Crashlytics
  - Fabric

SPEC REPOS:
  https://github.com/cocoapods/specs.git:
    - Crashlytics
    - Fabric

SPEC CHECKSUMS:
  Crashlytics: 058dc1ba579f6c100bc60a6878703779bff383c4
  Fabric: d7387db9a31aadff63b147a4b91d982c53afaa4f

PODFILE CHECKSUM: 3a6f282ca70eea33b58e13fb4b3d8d4d5f53c2ec

COCOAPODS: 1.5.3
