// !$*UTF8*$!
{
	archiveVersion = 1;
	classes = {
	};
	objectVersion = 50;
	objects = {

/* Begin PBXBuildFile section */
		11444BD02176E8DC000632E0 /* UIView+Loader.swift in Sources */ = {isa = PBXBuildFile; fileRef = 11444BCF2176E8DC000632E0 /* UIView+Loader.swift */; };
		1151407C216D7991007857A7 /* AppDelegate.swift in Sources */ = {isa = PBXBuildFile; fileRef = 1151407B216D7991007857A7 /* AppDelegate.swift */; };
		11514081216D7991007857A7 /* Main.storyboard in Resources */ = {isa = PBXBuildFile; fileRef = 1151407F216D7991007857A7 /* Main.storyboard */; };
		11514083216D7993007857A7 /* Assets.xcassets in Resources */ = {isa = PBXBuildFile; fileRef = 11514082216D7993007857A7 /* Assets.xcassets */; };
		11514086216D7993007857A7 /* LaunchScreen.storyboard in Resources */ = {isa = PBXBuildFile; fileRef = 11514084216D7993007857A7 /* LaunchScreen.storyboard */; };
		11514091216D7993007857A7 /* HackerNewsTests.swift in Sources */ = {isa = PBXBuildFile; fileRef = 11514090216D7993007857A7 /* HackerNewsTests.swift */; };
		1151409C216D7993007857A7 /* HackerNewsUITests.swift in Sources */ = {isa = PBXBuildFile; fileRef = 1151409B216D7993007857A7 /* HackerNewsUITests.swift */; };
		115140B2216EE36E007857A7 /* Article.swift in Sources */ = {isa = PBXBuildFile; fileRef = 115140B1216EE36E007857A7 /* Article.swift */; };
		115140BD21702EFF007857A7 /* ArticleListViewController.swift in Sources */ = {isa = PBXBuildFile; fileRef = 115140BC21702EFF007857A7 /* ArticleListViewController.swift */; };
		115140BF217030D4007857A7 /* ArticleListDisplayData.swift in Sources */ = {isa = PBXBuildFile; fileRef = 115140BE217030D4007857A7 /* ArticleListDisplayData.swift */; };
		115140C2217031BD007857A7 /* DisplayCollection.swift in Sources */ = {isa = PBXBuildFile; fileRef = 115140C1217031BD007857A7 /* DisplayCollection.swift */; };
		115140C421703484007857A7 /* CellViewModel.swift in Sources */ = {isa = PBXBuildFile; fileRef = 115140C321703484007857A7 /* CellViewModel.swift */; };
		115140C921703915007857A7 /* ArticleTableViewCell.swift in Sources */ = {isa = PBXBuildFile; fileRef = 115140C721703915007857A7 /* ArticleTableViewCell.swift */; };
		115140CA21703915007857A7 /* ArticleTableViewCell.xib in Resources */ = {isa = PBXBuildFile; fileRef = 115140C821703915007857A7 /* ArticleTableViewCell.xib */; };
		115140CD21703C0A007857A7 /* ArticleCellViewModel.swift in Sources */ = {isa = PBXBuildFile; fileRef = 115140CC21703C0A007857A7 /* ArticleCellViewModel.swift */; };
		115140D021703EE7007857A7 /* UITableViewCell+Nib.swift in Sources */ = {isa = PBXBuildFile; fileRef = 115140CF21703EE7007857A7 /* UITableViewCell+Nib.swift */; };
		115140D421703F3C007857A7 /* UIView+Nib.swift in Sources */ = {isa = PBXBuildFile; fileRef = 115140D321703F3C007857A7 /* UIView+Nib.swift */; };
		115140D62170401C007857A7 /* UITableView+Registration.swift in Sources */ = {isa = PBXBuildFile; fileRef = 115140D52170401C007857A7 /* UITableView+Registration.swift */; };
		115140D82170421D007857A7 /* UITableView+CellViewModel.swift in Sources */ = {isa = PBXBuildFile; fileRef = 115140D72170421D007857A7 /* UITableView+CellViewModel.swift */; };
		115140DC2170BA31007857A7 /* Request.swift in Sources */ = {isa = PBXBuildFile; fileRef = 115140DB2170BA31007857A7 /* Request.swift */; };
		115140DE2170BA8E007857A7 /* Server.swift in Sources */ = {isa = PBXBuildFile; fileRef = 115140DD2170BA8E007857A7 /* Server.swift */; };
		115140E02170BAE9007857A7 /* ServerError.swift in Sources */ = {isa = PBXBuildFile; fileRef = 115140DF2170BAE9007857A7 /* ServerError.swift */; };
		115140E32170BB72007857A7 /* ObjectType.swift in Sources */ = {isa = PBXBuildFile; fileRef = 115140E22170BB72007857A7 /* ObjectType.swift */; };
		115140E62170C753007857A7 /* ArrayObject.swift in Sources */ = {isa = PBXBuildFile; fileRef = 115140E52170C753007857A7 /* ArrayObject.swift */; };
		115140E92172DE69007857A7 /* TableViewController.swift in Sources */ = {isa = PBXBuildFile; fileRef = 115140E82172DE69007857A7 /* TableViewController.swift */; };
		117A84702174305200655CC9 /* ArticleViewController.swift in Sources */ = {isa = PBXBuildFile; fileRef = 117A846F2174305200655CC9 /* ArticleViewController.swift */; };
		117A84742174326800655CC9 /* Storyboards.swift in Sources */ = {isa = PBXBuildFile; fileRef = 117A84732174326800655CC9 /* Storyboards.swift */; };
		117A8476217437FD00655CC9 /* UITableView+Deselection.swift in Sources */ = {isa = PBXBuildFile; fileRef = 117A8475217437FD00655CC9 /* UITableView+Deselection.swift */; };
		117A84792174403200655CC9 /* AppCoordinator.swift in Sources */ = {isa = PBXBuildFile; fileRef = 117A84782174403200655CC9 /* AppCoordinator.swift */; };
		117A847B2174404900655CC9 /* Coordinator.swift in Sources */ = {isa = PBXBuildFile; fileRef = 117A847A2174404900655CC9 /* Coordinator.swift */; };
		11C34E992179914700381C6D /* Date+TimeSinceNoew.swift in Sources */ = {isa = PBXBuildFile; fileRef = 11C34E982179914700381C6D /* Date+TimeSinceNoew.swift */; };
		11C34EB1217AD8A600381C6D /* WebViewController.swift in Sources */ = {isa = PBXBuildFile; fileRef = 11C34EB0217AD8A600381C6D /* WebViewController.swift */; };
		11C34EB4217ADF8F00381C6D /* ArticleDisplayData.swift in Sources */ = {isa = PBXBuildFile; fileRef = 11C34EB3217ADF8F00381C6D /* ArticleDisplayData.swift */; };
/* End PBXBuildFile section */

/* Begin PBXContainerItemProxy section */
		1151408D216D7993007857A7 /* PBXContainerItemProxy */ = {
			isa = PBXContainerItemProxy;
			containerPortal = 11514070216D7991007857A7 /* Project object */;
			proxyType = 1;
			remoteGlobalIDString = 11514077216D7991007857A7;
			remoteInfo = HackerNews;
		};
		11514098216D7993007857A7 /* PBXContainerItemProxy */ = {
			isa = PBXContainerItemProxy;
			containerPortal = 11514070216D7991007857A7 /* Project object */;
			proxyType = 1;
			remoteGlobalIDString = 11514077216D7991007857A7;
			remoteInfo = HackerNews;
		};
/* End PBXContainerItemProxy section */

/* Begin PBXFileReference section */
		11444BCF2176E8DC000632E0 /* UIView+Loader.swift */ = {isa = PBXFileReference; lastKnownFileType = sourcecode.swift; path = "UIView+Loader.swift"; sourceTree = "<group>"; };
		11514078216D7991007857A7 /* HackerNews.app */ = {isa = PBXFileReference; explicitFileType = wrapper.application; includeInIndex = 0; path = HackerNews.app; sourceTree = BUILT_PRODUCTS_DIR; };
		1151407B216D7991007857A7 /* AppDelegate.swift */ = {isa = PBXFileReference; lastKnownFileType = sourcecode.swift; path = AppDelegate.swift; sourceTree = "<group>"; };
		11514080216D7991007857A7 /* Base */ = {isa = PBXFileReference; lastKnownFileType = file.storyboard; name = Base; path = Base.lproj/Main.storyboard; sourceTree = "<group>"; };
		11514082216D7993007857A7 /* Assets.xcassets */ = {isa = PBXFileReference; lastKnownFileType = folder.assetcatalog; path = Assets.xcassets; sourceTree = "<group>"; };
		11514085216D7993007857A7 /* Base */ = {isa = PBXFileReference; lastKnownFileType = file.storyboard; name = Base; path = Base.lproj/LaunchScreen.storyboard; sourceTree = "<group>"; };
		11514087216D7993007857A7 /* Info.plist */ = {isa = PBXFileReference; lastKnownFileType = text.plist.xml; path = Info.plist; sourceTree = "<group>"; };
		1151408C216D7993007857A7 /* HackerNewsTests.xctest */ = {isa = PBXFileReference; explicitFileType = wrapper.cfbundle; includeInIndex = 0; path = HackerNewsTests.xctest; sourceTree = BUILT_PRODUCTS_DIR; };
		11514090216D7993007857A7 /* HackerNewsTests.swift */ = {isa = PBXFileReference; lastKnownFileType = sourcecode.swift; path = HackerNewsTests.swift; sourceTree = "<group>"; };
		11514092216D7993007857A7 /* Info.plist */ = {isa = PBXFileReference; lastKnownFileType = text.plist.xml; path = Info.plist; sourceTree = "<group>"; };
		11514097216D7993007857A7 /* HackerNewsUITests.xctest */ = {isa = PBXFileReference; explicitFileType = wrapper.cfbundle; includeInIndex = 0; path = HackerNewsUITests.xctest; sourceTree = BUILT_PRODUCTS_DIR; };
		1151409B216D7993007857A7 /* HackerNewsUITests.swift */ = {isa = PBXFileReference; lastKnownFileType = sourcecode.swift; path = HackerNewsUITests.swift; sourceTree = "<group>"; };
		1151409D216D7993007857A7 /* Info.plist */ = {isa = PBXFileReference; lastKnownFileType = text.plist.xml; path = Info.plist; sourceTree = "<group>"; };
		115140B1216EE36E007857A7 /* Article.swift */ = {isa = PBXFileReference; lastKnownFileType = sourcecode.swift; path = Article.swift; sourceTree = "<group>"; };
		115140BC21702EFF007857A7 /* ArticleListViewController.swift */ = {isa = PBXFileReference; lastKnownFileType = sourcecode.swift; path = ArticleListViewController.swift; sourceTree = "<group>"; };
		115140BE217030D4007857A7 /* ArticleListDisplayData.swift */ = {isa = PBXFileReference; lastKnownFileType = sourcecode.swift; path = ArticleListDisplayData.swift; sourceTree = "<group>"; };
		115140C1217031BD007857A7 /* DisplayCollection.swift */ = {isa = PBXFileReference; lastKnownFileType = sourcecode.swift; path = DisplayCollection.swift; sourceTree = "<group>"; };
		115140C321703484007857A7 /* CellViewModel.swift */ = {isa = PBXFileReference; lastKnownFileType = sourcecode.swift; path = CellViewModel.swift; sourceTree = "<group>"; };
		115140C721703915007857A7 /* ArticleTableViewCell.swift */ = {isa = PBXFileReference; lastKnownFileType = sourcecode.swift; path = ArticleTableViewCell.swift; sourceTree = "<group>"; };
		115140C821703915007857A7 /* ArticleTableViewCell.xib */ = {isa = PBXFileReference; lastKnownFileType = file.xib; path = ArticleTableViewCell.xib; sourceTree = "<group>"; };
		115140CC21703C0A007857A7 /* ArticleCellViewModel.swift */ = {isa = PBXFileReference; lastKnownFileType = sourcecode.swift; path = ArticleCellViewModel.swift; sourceTree = "<group>"; };
		115140CF21703EE7007857A7 /* UITableViewCell+Nib.swift */ = {isa = PBXFileReference; lastKnownFileType = sourcecode.swift; path = "UITableViewCell+Nib.swift"; sourceTree = "<group>"; };
		115140D321703F3C007857A7 /* UIView+Nib.swift */ = {isa = PBXFileReference; lastKnownFileType = sourcecode.swift; path = "UIView+Nib.swift"; sourceTree = "<group>"; };
		115140D52170401C007857A7 /* UITableView+Registration.swift */ = {isa = PBXFileReference; lastKnownFileType = sourcecode.swift; path = "UITableView+Registration.swift"; sourceTree = "<group>"; };
		115140D72170421D007857A7 /* UITableView+CellViewModel.swift */ = {isa = PBXFileReference; lastKnownFileType = sourcecode.swift; path = "UITableView+CellViewModel.swift"; sourceTree = "<group>"; };
		115140DB2170BA31007857A7 /* Request.swift */ = {isa = PBXFileReference; lastKnownFileType = sourcecode.swift; path = Request.swift; sourceTree = "<group>"; };
		115140DD2170BA8E007857A7 /* Server.swift */ = {isa = PBXFileReference; lastKnownFileType = sourcecode.swift; path = Server.swift; sourceTree = "<group>"; };
		115140DF2170BAE9007857A7 /* ServerError.swift */ = {isa = PBXFileReference; lastKnownFileType = sourcecode.swift; path = ServerError.swift; sourceTree = "<group>"; };
		115140E22170BB72007857A7 /* ObjectType.swift */ = {isa = PBXFileReference; lastKnownFileType = sourcecode.swift; path = ObjectType.swift; sourceTree = "<group>"; };
		115140E52170C753007857A7 /* ArrayObject.swift */ = {isa = PBXFileReference; lastKnownFileType = sourcecode.swift; path = ArrayObject.swift; sourceTree = "<group>"; };
		115140E82172DE69007857A7 /* TableViewController.swift */ = {isa = PBXFileReference; lastKnownFileType = sourcecode.swift; path = TableViewController.swift; sourceTree = "<group>"; };
		117A846F2174305200655CC9 /* ArticleViewController.swift */ = {isa = PBXFileReference; lastKnownFileType = sourcecode.swift; path = ArticleViewController.swift; sourceTree = "<group>"; };
		117A84732174326800655CC9 /* Storyboards.swift */ = {isa = PBXFileReference; lastKnownFileType = sourcecode.swift; path = Storyboards.swift; sourceTree = "<group>"; };
		117A8475217437FD00655CC9 /* UITableView+Deselection.swift */ = {isa = PBXFileReference; lastKnownFileType = sourcecode.swift; path = "UITableView+Deselection.swift"; sourceTree = "<group>"; };
		117A84782174403200655CC9 /* AppCoordinator.swift */ = {isa = PBXFileReference; lastKnownFileType = sourcecode.swift; path = AppCoordinator.swift; sourceTree = "<group>"; };
		117A847A2174404900655CC9 /* Coordinator.swift */ = {isa = PBXFileReference; lastKnownFileType = sourcecode.swift; path = Coordinator.swift; sourceTree = "<group>"; };
		11C34E982179914700381C6D /* Date+TimeSinceNoew.swift */ = {isa = PBXFileReference; lastKnownFileType = sourcecode.swift; path = "Date+TimeSinceNoew.swift"; sourceTree = "<group>"; };
		11C34EB0217AD8A600381C6D /* WebViewController.swift */ = {isa = PBXFileReference; lastKnownFileType = sourcecode.swift; path = WebViewController.swift; sourceTree = "<group>"; };
		11C34EB3217ADF8F00381C6D /* ArticleDisplayData.swift */ = {isa = PBXFileReference; lastKnownFileType = sourcecode.swift; path = ArticleDisplayData.swift; sourceTree = "<group>"; };
/* End PBXFileReference section */

/* Begin PBXFrameworksBuildPhase section */
		11514075216D7991007857A7 /* Frameworks */ = {
			isa = PBXFrameworksBuildPhase;
			buildActionMask = 2147483647;
			files = (
			);
			runOnlyForDeploymentPostprocessing = 0;
		};
		11514089216D7993007857A7 /* Frameworks */ = {
			isa = PBXFrameworksBuildPhase;
			buildActionMask = 2147483647;
			files = (
			);
			runOnlyForDeploymentPostprocessing = 0;
		};
		11514094216D7993007857A7 /* Frameworks */ = {
			isa = PBXFrameworksBuildPhase;
			buildActionMask = 2147483647;
			files = (
			);
			runOnlyForDeploymentPostprocessing = 0;
		};
/* End PBXFrameworksBuildPhase section */

/* Begin PBXGroup section */
		1151406F216D7991007857A7 = {
			isa = PBXGroup;
			children = (
				1151407A216D7991007857A7 /* HackerNews */,
				1151408F216D7993007857A7 /* HackerNewsTests */,
				1151409A216D7993007857A7 /* HackerNewsUITests */,
				11514079216D7991007857A7 /* Products */,
			);
			sourceTree = "<group>";
		};
		11514079216D7991007857A7 /* Products */ = {
			isa = PBXGroup;
			children = (
				11514078216D7991007857A7 /* HackerNews.app */,
				1151408C216D7993007857A7 /* HackerNewsTests.xctest */,
				11514097216D7993007857A7 /* HackerNewsUITests.xctest */,
			);
			name = Products;
			sourceTree = "<group>";
		};
		1151407A216D7991007857A7 /* HackerNews */ = {
			isa = PBXGroup;
			children = (
				117A84772174402100655CC9 /* Coordinators */,
				115140D92170BA0D007857A7 /* Services */,
				115140CE21703ED2007857A7 /* Extensions */,
				115140C0217031A3007857A7 /* Protocols */,
				115140CB21703BEA007857A7 /* ViewModels */,
				115140C521703830007857A7 /* Views */,
				115140BA21702EC1007857A7 /* ViewControllers */,
				115140B0216EE35E007857A7 /* Models */,
				117A84712174318600655CC9 /* Resources */,
				1151407B216D7991007857A7 /* AppDelegate.swift */,
				11514082216D7993007857A7 /* Assets.xcassets */,
				11514087216D7993007857A7 /* Info.plist */,
			);
			path = HackerNews;
			sourceTree = "<group>";
		};
		1151408F216D7993007857A7 /* HackerNewsTests */ = {
			isa = PBXGroup;
			children = (
				11514090216D7993007857A7 /* HackerNewsTests.swift */,
				11514092216D7993007857A7 /* Info.plist */,
			);
			path = HackerNewsTests;
			sourceTree = "<group>";
		};
		1151409A216D7993007857A7 /* HackerNewsUITests */ = {
			isa = PBXGroup;
			children = (
				1151409B216D7993007857A7 /* HackerNewsUITests.swift */,
				1151409D216D7993007857A7 /* Info.plist */,
			);
			path = HackerNewsUITests;
			sourceTree = "<group>";
		};
		115140B0216EE35E007857A7 /* Models */ = {
			isa = PBXGroup;
			children = (
				115140E12170BB61007857A7 /* Objects */,
			);
			path = Models;
			sourceTree = "<group>";
		};
		115140BA21702EC1007857A7 /* ViewControllers */ = {
			isa = PBXGroup;
			children = (
				11C34EB2217ADF0E00381C6D /* WebViewController */,
				115140E72172DDB3007857A7 /* Base */,
				117A846E2174301E00655CC9 /* ArticleViewController */,
				115140BB21702ECA007857A7 /* ArticleListViewControllers */,
			);
			path = ViewControllers;
			sourceTree = "<group>";
		};
		115140BB21702ECA007857A7 /* ArticleListViewControllers */ = {
			isa = PBXGroup;
			children = (
				115140BC21702EFF007857A7 /* ArticleListViewController.swift */,
				115140BE217030D4007857A7 /* ArticleListDisplayData.swift */,
			);
			path = ArticleListViewControllers;
			sourceTree = "<group>";
		};
		115140C0217031A3007857A7 /* Protocols */ = {
			isa = PBXGroup;
			children = (
				115140C1217031BD007857A7 /* DisplayCollection.swift */,
				115140C321703484007857A7 /* CellViewModel.swift */,
				117A847A2174404900655CC9 /* Coordinator.swift */,
			);
			path = Protocols;
			sourceTree = "<group>";
		};
		115140C521703830007857A7 /* Views */ = {
			isa = PBXGroup;
			children = (
				115140C62170384C007857A7 /* TableViewCells */,
			);
			path = Views;
			sourceTree = "<group>";
		};
		115140C62170384C007857A7 /* TableViewCells */ = {
			isa = PBXGroup;
			children = (
				115140C721703915007857A7 /* ArticleTableViewCell.swift */,
				115140C821703915007857A7 /* ArticleTableViewCell.xib */,
			);
			path = TableViewCells;
			sourceTree = "<group>";
		};
		115140CB21703BEA007857A7 /* ViewModels */ = {
			isa = PBXGroup;
			children = (
				115140CC21703C0A007857A7 /* ArticleCellViewModel.swift */,
			);
			path = ViewModels;
			sourceTree = "<group>";
		};
		115140CE21703ED2007857A7 /* Extensions */ = {
			isa = PBXGroup;
			children = (
				11C34E972179913800381C6D /* Date */,
				115140D221703F2A007857A7 /* UIView */,
				115140D121703EEF007857A7 /* UITableView */,
			);
			path = Extensions;
			sourceTree = "<group>";
		};
		115140D121703EEF007857A7 /* UITableView */ = {
			isa = PBXGroup;
			children = (
				115140CF21703EE7007857A7 /* UITableViewCell+Nib.swift */,
				115140D52170401C007857A7 /* UITableView+Registration.swift */,
				115140D72170421D007857A7 /* UITableView+CellViewModel.swift */,
				117A8475217437FD00655CC9 /* UITableView+Deselection.swift */,
			);
			path = UITableView;
			sourceTree = "<group>";
		};
		115140D221703F2A007857A7 /* UIView */ = {
			isa = PBXGroup;
			children = (
				115140D321703F3C007857A7 /* UIView+Nib.swift */,
				11444BCF2176E8DC000632E0 /* UIView+Loader.swift */,
			);
			path = UIView;
			sourceTree = "<group>";
		};
		115140D92170BA0D007857A7 /* Services */ = {
			isa = PBXGroup;
			children = (
				115140DA2170BA25007857A7 /* Server */,
			);
			path = Services;
			sourceTree = "<group>";
		};
		115140DA2170BA25007857A7 /* Server */ = {
			isa = PBXGroup;
			children = (
				115140DB2170BA31007857A7 /* Request.swift */,
				115140DD2170BA8E007857A7 /* Server.swift */,
				115140DF2170BAE9007857A7 /* ServerError.swift */,
			);
			path = Server;
			sourceTree = "<group>";
		};
		115140E12170BB61007857A7 /* Objects */ = {
			isa = PBXGroup;
			children = (
				115140E22170BB72007857A7 /* ObjectType.swift */,
				115140E52170C753007857A7 /* ArrayObject.swift */,
				115140E42170BBB0007857A7 /* Articles */,
			);
			path = Objects;
			sourceTree = "<group>";
		};
		115140E42170BBB0007857A7 /* Articles */ = {
			isa = PBXGroup;
			children = (
				115140B1216EE36E007857A7 /* Article.swift */,
			);
			path = Articles;
			sourceTree = "<group>";
		};
		115140E72172DDB3007857A7 /* Base */ = {
			isa = PBXGroup;
			children = (
				115140E82172DE69007857A7 /* TableViewController.swift */,
			);
			path = Base;
			sourceTree = "<group>";
		};
		117A846E2174301E00655CC9 /* ArticleViewController */ = {
			isa = PBXGroup;
			children = (
				117A846F2174305200655CC9 /* ArticleViewController.swift */,
				11C34EB3217ADF8F00381C6D /* ArticleDisplayData.swift */,
			);
			path = ArticleViewController;
			sourceTree = "<group>";
		};
		117A84712174318600655CC9 /* Resources */ = {
			isa = PBXGroup;
			children = (
				117A8472217431AF00655CC9 /* Storyboards */,
			);
			path = Resources;
			sourceTree = "<group>";
		};
		117A8472217431AF00655CC9 /* Storyboards */ = {
			isa = PBXGroup;
			children = (
				1151407F216D7991007857A7 /* Main.storyboard */,
				11514084216D7993007857A7 /* LaunchScreen.storyboard */,
				117A84732174326800655CC9 /* Storyboards.swift */,
			);
			path = Storyboards;
			sourceTree = "<group>";
		};
		117A84772174402100655CC9 /* Coordinators */ = {
			isa = PBXGroup;
			children = (
				117A84782174403200655CC9 /* AppCoordinator.swift */,
			);
			path = Coordinators;
			sourceTree = "<group>";
		};
		11C34E972179913800381C6D /* Date */ = {
			isa = PBXGroup;
			children = (
				11C34E982179914700381C6D /* Date+TimeSinceNoew.swift */,
			);
			path = Date;
			sourceTree = "<group>";
		};
		11C34EB2217ADF0E00381C6D /* WebViewController */ = {
			isa = PBXGroup;
			children = (
				11C34EB0217AD8A600381C6D /* WebViewController.swift */,
			);
			path = WebViewController;
			sourceTree = "<group>";
		};
/* End PBXGroup section */

/* Begin PBXNativeTarget section */
		11514077216D7991007857A7 /* HackerNews */ = {
			isa = PBXNativeTarget;
			buildConfigurationList = 115140A0216D7993007857A7 /* Build configuration list for PBXNativeTarget "HackerNews" */;
			buildPhases = (
				11514074216D7991007857A7 /* Sources */,
				11514075216D7991007857A7 /* Frameworks */,
				11514076216D7991007857A7 /* Resources */,
			);
			buildRules = (
			);
			dependencies = (
			);
			name = HackerNews;
			productName = HackerNews;
			productReference = 11514078216D7991007857A7 /* HackerNews.app */;
			productType = "com.apple.product-type.application";
		};
		1151408B216D7993007857A7 /* HackerNewsTests */ = {
			isa = PBXNativeTarget;
			buildConfigurationList = 115140A3216D7993007857A7 /* Build configuration list for PBXNativeTarget "HackerNewsTests" */;
			buildPhases = (
				11514088216D7993007857A7 /* Sources */,
				11514089216D7993007857A7 /* Frameworks */,
				1151408A216D7993007857A7 /* Resources */,
			);
			buildRules = (
			);
			dependencies = (
				1151408E216D7993007857A7 /* PBXTargetDependency */,
			);
			name = HackerNewsTests;
			productName = HackerNewsTests;
			productReference = 1151408C216D7993007857A7 /* HackerNewsTests.xctest */;
			productType = "com.apple.product-type.bundle.unit-test";
		};
		11514096216D7993007857A7 /* HackerNewsUITests */ = {
			isa = PBXNativeTarget;
			buildConfigurationList = 115140A6216D7993007857A7 /* Build configuration list for PBXNativeTarget "HackerNewsUITests" */;
			buildPhases = (
				11514093216D7993007857A7 /* Sources */,
				11514094216D7993007857A7 /* Frameworks */,
				11514095216D7993007857A7 /* Resources */,
			);
			buildRules = (
			);
			dependencies = (
				11514099216D7993007857A7 /* PBXTargetDependency */,
			);
			name = HackerNewsUITests;
			productName = HackerNewsUITests;
			productReference = 11514097216D7993007857A7 /* HackerNewsUITests.xctest */;
			productType = "com.apple.product-type.bundle.ui-testing";
		};
/* End PBXNativeTarget section */

/* Begin PBXProject section */
		11514070216D7991007857A7 /* Project object */ = {
			isa = PBXProject;
			attributes = {
				LastSwiftUpdateCheck = 1000;
				LastUpgradeCheck = 1000;
				ORGANIZATIONNAME = nazavrik;
				TargetAttributes = {
					11514077216D7991007857A7 = {
						CreatedOnToolsVersion = 10.0;
					};
					1151408B216D7993007857A7 = {
						CreatedOnToolsVersion = 10.0;
						TestTargetID = 11514077216D7991007857A7;
					};
					11514096216D7993007857A7 = {
						CreatedOnToolsVersion = 10.0;
						TestTargetID = 11514077216D7991007857A7;
					};
				};
			};
			buildConfigurationList = 11514073216D7991007857A7 /* Build configuration list for PBXProject "HackerNews" */;
			compatibilityVersion = "Xcode 9.3";
			developmentRegion = en;
			hasScannedForEncodings = 0;
			knownRegions = (
				en,
				Base,
			);
			mainGroup = 1151406F216D7991007857A7;
			productRefGroup = 11514079216D7991007857A7 /* Products */;
			projectDirPath = "";
			projectRoot = "";
			targets = (
				11514077216D7991007857A7 /* HackerNews */,
				1151408B216D7993007857A7 /* HackerNewsTests */,
				11514096216D7993007857A7 /* HackerNewsUITests */,
			);
		};
/* End PBXProject section */

/* Begin PBXResourcesBuildPhase section */
		11514076216D7991007857A7 /* Resources */ = {
			isa = PBXResourcesBuildPhase;
			buildActionMask = 2147483647;
			files = (
				115140CA21703915007857A7 /* ArticleTableViewCell.xib in Resources */,
				11514086216D7993007857A7 /* LaunchScreen.storyboard in Resources */,
				11514083216D7993007857A7 /* Assets.xcassets in Resources */,
				11514081216D7991007857A7 /* Main.storyboard in Resources */,
			);
			runOnlyForDeploymentPostprocessing = 0;
		};
		1151408A216D7993007857A7 /* Resources */ = {
			isa = PBXResourcesBuildPhase;
			buildActionMask = 2147483647;
			files = (
			);
			runOnlyForDeploymentPostprocessing = 0;
		};
		11514095216D7993007857A7 /* Resources */ = {
			isa = PBXResourcesBuildPhase;
			buildActionMask = 2147483647;
			files = (
			);
			runOnlyForDeploymentPostprocessing = 0;
		};
/* End PBXResourcesBuildPhase section */

/* Begin PBXSourcesBuildPhase section */
		11514074216D7991007857A7 /* Sources */ = {
			isa = PBXSourcesBuildPhase;
			buildActionMask = 2147483647;
			files = (
				117A84792174403200655CC9 /* AppCoordinator.swift in Sources */,
				115140DE2170BA8E007857A7 /* Server.swift in Sources */,
				115140E62170C753007857A7 /* ArrayObject.swift in Sources */,
				115140D62170401C007857A7 /* UITableView+Registration.swift in Sources */,
				115140DC2170BA31007857A7 /* Request.swift in Sources */,
				115140C2217031BD007857A7 /* DisplayCollection.swift in Sources */,
				11C34E992179914700381C6D /* Date+TimeSinceNoew.swift in Sources */,
				115140E32170BB72007857A7 /* ObjectType.swift in Sources */,
				1151407C216D7991007857A7 /* AppDelegate.swift in Sources */,
				115140E92172DE69007857A7 /* TableViewController.swift in Sources */,
				115140E02170BAE9007857A7 /* ServerError.swift in Sources */,
				11C34EB1217AD8A600381C6D /* WebViewController.swift in Sources */,
				115140D021703EE7007857A7 /* UITableViewCell+Nib.swift in Sources */,
				11C34EB4217ADF8F00381C6D /* ArticleDisplayData.swift in Sources */,
				115140C421703484007857A7 /* CellViewModel.swift in Sources */,
				115140B2216EE36E007857A7 /* Article.swift in Sources */,
				115140BD21702EFF007857A7 /* ArticleListViewController.swift in Sources */,
				115140CD21703C0A007857A7 /* ArticleCellViewModel.swift in Sources */,
				117A84702174305200655CC9 /* ArticleViewController.swift in Sources */,
				115140C921703915007857A7 /* ArticleTableViewCell.swift in Sources */,
				11444BD02176E8DC000632E0 /* UIView+Loader.swift in Sources */,
				117A847B2174404900655CC9 /* Coordinator.swift in Sources */,
				117A84742174326800655CC9 /* Storyboards.swift in Sources */,
				117A8476217437FD00655CC9 /* UITableView+Deselection.swift in Sources */,
				115140D421703F3C007857A7 /* UIView+Nib.swift in Sources */,
				115140D82170421D007857A7 /* UITableView+CellViewModel.swift in Sources */,
				115140BF217030D4007857A7 /* ArticleListDisplayData.swift in Sources */,
			);
			runOnlyForDeploymentPostprocessing = 0;
		};
		11514088216D7993007857A7 /* Sources */ = {
			isa = PBXSourcesBuildPhase;
			buildActionMask = 2147483647;
			files = (
				11514091216D7993007857A7 /* HackerNewsTests.swift in Sources */,
			);
			runOnlyForDeploymentPostprocessing = 0;
		};
		11514093216D7993007857A7 /* Sources */ = {
			isa = PBXSourcesBuildPhase;
			buildActionMask = 2147483647;
			files = (
				1151409C216D7993007857A7 /* HackerNewsUITests.swift in Sources */,
			);
			runOnlyForDeploymentPostprocessing = 0;
		};
/* End PBXSourcesBuildPhase section */

/* Begin PBXTargetDependency section */
		1151408E216D7993007857A7 /* PBXTargetDependency */ = {
			isa = PBXTargetDependency;
			target = 11514077216D7991007857A7 /* HackerNews */;
			targetProxy = 1151408D216D7993007857A7 /* PBXContainerItemProxy */;
		};
		11514099216D7993007857A7 /* PBXTargetDependency */ = {
			isa = PBXTargetDependency;
			target = 11514077216D7991007857A7 /* HackerNews */;
			targetProxy = 11514098216D7993007857A7 /* PBXContainerItemProxy */;
		};
/* End PBXTargetDependency section */

/* Begin PBXVariantGroup section */
		1151407F216D7991007857A7 /* Main.storyboard */ = {
			isa = PBXVariantGroup;
			children = (
				11514080216D7991007857A7 /* Base */,
			);
			name = Main.storyboard;
			sourceTree = "<group>";
		};
		11514084216D7993007857A7 /* LaunchScreen.storyboard */ = {
			isa = PBXVariantGroup;
			children = (
				11514085216D7993007857A7 /* Base */,
			);
			name = LaunchScreen.storyboard;
			sourceTree = "<group>";
		};
/* End PBXVariantGroup section */

/* Begin XCBuildConfiguration section */
		1151409E216D7993007857A7 /* Debug */ = {
			isa = XCBuildConfiguration;
			buildSettings = {
				ALWAYS_SEARCH_USER_PATHS = NO;
				CLANG_ANALYZER_NONNULL = YES;
				CLANG_ANALYZER_NUMBER_OBJECT_CONVERSION = YES_AGGRESSIVE;
				CLANG_CXX_LANGUAGE_STANDARD = "gnu++14";
				CLANG_CXX_LIBRARY = "libc++";
				CLANG_ENABLE_MODULES = YES;
				CLANG_ENABLE_OBJC_ARC = YES;
				CLANG_ENABLE_OBJC_WEAK = YES;
				CLANG_WARN_BLOCK_CAPTURE_AUTORELEASING = YES;
				CLANG_WARN_BOOL_CONVERSION = YES;
				CLANG_WARN_COMMA = YES;
				CLANG_WARN_CONSTANT_CONVERSION = YES;
				CLANG_WARN_DEPRECATED_OBJC_IMPLEMENTATIONS = YES;
				CLANG_WARN_DIRECT_OBJC_ISA_USAGE = YES_ERROR;
				CLANG_WARN_DOCUMENTATION_COMMENTS = YES;
				CLANG_WARN_EMPTY_BODY = YES;
				CLANG_WARN_ENUM_CONVERSION = YES;
				CLANG_WARN_INFINITE_RECURSION = YES;
				CLANG_WARN_INT_CONVERSION = YES;
				CLANG_WARN_NON_LITERAL_NULL_CONVERSION = YES;
				CLANG_WARN_OBJC_IMPLICIT_RETAIN_SELF = YES;
				CLANG_WARN_OBJC_LITERAL_CONVERSION = YES;
				CLANG_WARN_OBJC_ROOT_CLASS = YES_ERROR;
				CLANG_WARN_RANGE_LOOP_ANALYSIS = YES;
				CLANG_WARN_STRICT_PROTOTYPES = YES;
				CLANG_WARN_SUSPICIOUS_MOVE = YES;
				CLANG_WARN_UNGUARDED_AVAILABILITY = YES_AGGRESSIVE;
				CLANG_WARN_UNREACHABLE_CODE = YES;
				CLANG_WARN__DUPLICATE_METHOD_MATCH = YES;
				CODE_SIGN_IDENTITY = "iPhone Developer";
				COPY_PHASE_STRIP = NO;
				DEBUG_INFORMATION_FORMAT = dwarf;
				ENABLE_STRICT_OBJC_MSGSEND = YES;
				ENABLE_TESTABILITY = YES;
				GCC_C_LANGUAGE_STANDARD = gnu11;
				GCC_DYNAMIC_NO_PIC = NO;
				GCC_NO_COMMON_BLOCKS = YES;
				GCC_OPTIMIZATION_LEVEL = 0;
				GCC_PREPROCESSOR_DEFINITIONS = (
					"DEBUG=1",
					"$(inherited)",
				);
				GCC_WARN_64_TO_32_BIT_CONVERSION = YES;
				GCC_WARN_ABOUT_RETURN_TYPE = YES_ERROR;
				GCC_WARN_UNDECLARED_SELECTOR = YES;
				GCC_WARN_UNINITIALIZED_AUTOS = YES_AGGRESSIVE;
				GCC_WARN_UNUSED_FUNCTION = YES;
				GCC_WARN_UNUSED_VARIABLE = YES;
				IPHONEOS_DEPLOYMENT_TARGET = 12.0;
				MTL_ENABLE_DEBUG_INFO = INCLUDE_SOURCE;
				MTL_FAST_MATH = YES;
				ONLY_ACTIVE_ARCH = YES;
				SDKROOT = iphoneos;
				SWIFT_ACTIVE_COMPILATION_CONDITIONS = DEBUG;
				SWIFT_OPTIMIZATION_LEVEL = "-Onone";
			};
			name = Debug;
		};
		1151409F216D7993007857A7 /* Release */ = {
			isa = XCBuildConfiguration;
			buildSettings = {
				ALWAYS_SEARCH_USER_PATHS = NO;
				CLANG_ANALYZER_NONNULL = YES;
				CLANG_ANALYZER_NUMBER_OBJECT_CONVERSION = YES_AGGRESSIVE;
				CLANG_CXX_LANGUAGE_STANDARD = "gnu++14";
				CLANG_CXX_LIBRARY = "libc++";
				CLANG_ENABLE_MODULES = YES;
				CLANG_ENABLE_OBJC_ARC = YES;
				CLANG_ENABLE_OBJC_WEAK = YES;
				CLANG_WARN_BLOCK_CAPTURE_AUTORELEASING = YES;
				CLANG_WARN_BOOL_CONVERSION = YES;
				CLANG_WARN_COMMA = YES;
				CLANG_WARN_CONSTANT_CONVERSION = YES;
				CLANG_WARN_DEPRECATED_OBJC_IMPLEMENTATIONS = YES;
				CLANG_WARN_DIRECT_OBJC_ISA_USAGE = YES_ERROR;
				CLANG_WARN_DOCUMENTATION_COMMENTS = YES;
				CLANG_WARN_EMPTY_BODY = YES;
				CLANG_WARN_ENUM_CONVERSION = YES;
				CLANG_WARN_INFINITE_RECURSION = YES;
				CLANG_WARN_INT_CONVERSION = YES;
				CLANG_WARN_NON_LITERAL_NULL_CONVERSION = YES;
				CLANG_WARN_OBJC_IMPLICIT_RETAIN_SELF = YES;
				CLANG_WARN_OBJC_LITERAL_CONVERSION = YES;
				CLANG_WARN_OBJC_ROOT_CLASS = YES_ERROR;
				CLANG_WARN_RANGE_LOOP_ANALYSIS = YES;
				CLANG_WARN_STRICT_PROTOTYPES = YES;
				CLANG_WARN_SUSPICIOUS_MOVE = YES;
				CLANG_WARN_UNGUARDED_AVAILABILITY = YES_AGGRESSIVE;
				CLANG_WARN_UNREACHABLE_CODE = YES;
				CLANG_WARN__DUPLICATE_METHOD_MATCH = YES;
				CODE_SIGN_IDENTITY = "iPhone Developer";
				COPY_PHASE_STRIP = NO;
				DEBUG_INFORMATION_FORMAT = "dwarf-with-dsym";
				ENABLE_NS_ASSERTIONS = NO;
				ENABLE_STRICT_OBJC_MSGSEND = YES;
				GCC_C_LANGUAGE_STANDARD = gnu11;
				GCC_NO_COMMON_BLOCKS = YES;
				GCC_WARN_64_TO_32_BIT_CONVERSION = YES;
				GCC_WARN_ABOUT_RETURN_TYPE = YES_ERROR;
				GCC_WARN_UNDECLARED_SELECTOR = YES;
				GCC_WARN_UNINITIALIZED_AUTOS = YES_AGGRESSIVE;
				GCC_WARN_UNUSED_FUNCTION = YES;
				GCC_WARN_UNUSED_VARIABLE = YES;
				IPHONEOS_DEPLOYMENT_TARGET = 12.0;
				MTL_ENABLE_DEBUG_INFO = NO;
				MTL_FAST_MATH = YES;
				SDKROOT = iphoneos;
				SWIFT_COMPILATION_MODE = wholemodule;
				SWIFT_OPTIMIZATION_LEVEL = "-O";
				VALIDATE_PRODUCT = YES;
			};
			name = Release;
		};
		115140A1216D7993007857A7 /* Debug */ = {
			isa = XCBuildConfiguration;
			buildSettings = {
				ASSETCATALOG_COMPILER_APPICON_NAME = AppIcon;
				CODE_SIGN_STYLE = Automatic;
				DEVELOPMENT_TEAM = XW7Z7QF5BM;
				INFOPLIST_FILE = HackerNews/Info.plist;
				LD_RUNPATH_SEARCH_PATHS = (
					"$(inherited)",
					"@executable_path/Frameworks",
				);
				PRODUCT_BUNDLE_IDENTIFIER = com.nazavrik.HN;
				PRODUCT_NAME = "$(TARGET_NAME)";
				SWIFT_VERSION = 4.2;
				TARGETED_DEVICE_FAMILY = "1,2";
			};
			name = Debug;
		};
		115140A2216D7993007857A7 /* Release */ = {
			isa = XCBuildConfiguration;
			buildSettings = {
				ASSETCATALOG_COMPILER_APPICON_NAME = AppIcon;
				CODE_SIGN_STYLE = Automatic;
				DEVELOPMENT_TEAM = XW7Z7QF5BM;
				INFOPLIST_FILE = HackerNews/Info.plist;
				LD_RUNPATH_SEARCH_PATHS = (
					"$(inherited)",
					"@executable_path/Frameworks",
				);
				PRODUCT_BUNDLE_IDENTIFIER = com.nazavrik.HN;
				PRODUCT_NAME = "$(TARGET_NAME)";
				SWIFT_VERSION = 4.2;
				TARGETED_DEVICE_FAMILY = "1,2";
			};
			name = Release;
		};
		115140A4216D7993007857A7 /* Debug */ = {
			isa = XCBuildConfiguration;
			buildSettings = {
				ALWAYS_EMBED_SWIFT_STANDARD_LIBRARIES = YES;
				BUNDLE_LOADER = "$(TEST_HOST)";
				CODE_SIGN_STYLE = Automatic;
				DEVELOPMENT_TEAM = 5N2369PDJJ;
				INFOPLIST_FILE = HackerNewsTests/Info.plist;
				LD_RUNPATH_SEARCH_PATHS = (
					"$(inherited)",
					"@executable_path/Frameworks",
					"@loader_path/Frameworks",
				);
				PRODUCT_BUNDLE_IDENTIFIER = com.nazavrik.HackerNewsTests;
				PRODUCT_NAME = "$(TARGET_NAME)";
				SWIFT_VERSION = 4.2;
				TARGETED_DEVICE_FAMILY = "1,2";
				TEST_HOST = "$(BUILT_PRODUCTS_DIR)/HackerNews.app/HackerNews";
			};
			name = Debug;
		};
		115140A5216D7993007857A7 /* Release */ = {
			isa = XCBuildConfiguration;
			buildSettings = {
				ALWAYS_EMBED_SWIFT_STANDARD_LIBRARIES = YES;
				BUNDLE_LOADER = "$(TEST_HOST)";
				CODE_SIGN_STYLE = Automatic;
				DEVELOPMENT_TEAM = 5N2369PDJJ;
				INFOPLIST_FILE = HackerNewsTests/Info.plist;
				LD_RUNPATH_SEARCH_PATHS = (
					"$(inherited)",
					"@executable_path/Frameworks",
					"@loader_path/Frameworks",
				);
				PRODUCT_BUNDLE_IDENTIFIER = com.nazavrik.HackerNewsTests;
				PRODUCT_NAME = "$(TARGET_NAME)";
				SWIFT_VERSION = 4.2;
				TARGETED_DEVICE_FAMILY = "1,2";
				TEST_HOST = "$(BUILT_PRODUCTS_DIR)/HackerNews.app/HackerNews";
			};
			name = Release;
		};
		115140A7216D7993007857A7 /* Debug */ = {
			isa = XCBuildConfiguration;
			buildSettings = {
				ALWAYS_EMBED_SWIFT_STANDARD_LIBRARIES = YES;
				CODE_SIGN_STYLE = Automatic;
				DEVELOPMENT_TEAM = 5N2369PDJJ;
				INFOPLIST_FILE = HackerNewsUITests/Info.plist;
				LD_RUNPATH_SEARCH_PATHS = (
					"$(inherited)",
					"@executable_path/Frameworks",
					"@loader_path/Frameworks",
				);
				PRODUCT_BUNDLE_IDENTIFIER = com.nazavrik.HackerNewsUITests;
				PRODUCT_NAME = "$(TARGET_NAME)";
				SWIFT_VERSION = 4.2;
				TARGETED_DEVICE_FAMILY = "1,2";
				TEST_TARGET_NAME = HackerNews;
			};
			name = Debug;
		};
		115140A8216D7993007857A7 /* Release */ = {
			isa = XCBuildConfiguration;
			buildSettings = {
				ALWAYS_EMBED_SWIFT_STANDARD_LIBRARIES = YES;
				CODE_SIGN_STYLE = Automatic;
				DEVELOPMENT_TEAM = 5N2369PDJJ;
				INFOPLIST_FILE = HackerNewsUITests/Info.plist;
				LD_RUNPATH_SEARCH_PATHS = (
					"$(inherited)",
					"@executable_path/Frameworks",
					"@loader_path/Frameworks",
				);
				PRODUCT_BUNDLE_IDENTIFIER = com.nazavrik.HackerNewsUITests;
				PRODUCT_NAME = "$(TARGET_NAME)";
				SWIFT_VERSION = 4.2;
				TARGETED_DEVICE_FAMILY = "1,2";
				TEST_TARGET_NAME = HackerNews;
			};
			name = Release;
		};
/* End XCBuildConfiguration section */

/* Begin XCConfigurationList section */
		11514073216D7991007857A7 /* Build configuration list for PBXProject "HackerNews" */ = {
			isa = XCConfigurationList;
			buildConfigurations = (
				1151409E216D7993007857A7 /* Debug */,
				1151409F216D7993007857A7 /* Release */,
			);
			defaultConfigurationIsVisible = 0;
			defaultConfigurationName = Release;
		};
		115140A0216D7993007857A7 /* Build configuration list for PBXNativeTarget "HackerNews" */ = {
			isa = XCConfigurationList;
			buildConfigurations = (
				115140A1216D7993007857A7 /* Debug */,
				115140A2216D7993007857A7 /* Release */,
			);
			defaultConfigurationIsVisible = 0;
			defaultConfigurationName = Release;
		};
		115140A3216D7993007857A7 /* Build configuration list for PBXNativeTarget "HackerNewsTests" */ = {
			isa = XCConfigurationList;
			buildConfigurations = (
				115140A4216D7993007857A7 /* Debug */,
				115140A5216D7993007857A7 /* Release */,
			);
			defaultConfigurationIsVisible = 0;
			defaultConfigurationName = Release;
		};
		115140A6216D7993007857A7 /* Build configuration list for PBXNativeTarget "HackerNewsUITests" */ = {
			isa = XCConfigurationList;
			buildConfigurations = (
				115140A7216D7993007857A7 /* Debug */,
				115140A8216D7993007857A7 /* Release */,
			);
			defaultConfigurationIsVisible = 0;
			defaultConfigurationName = Release;
		};
/* End XCConfigurationList section */
	};
	rootObject = 11514070216D7991007857A7 /* Project object */;
}
